PODS:
  - FMDB (2.7.5):
    - FMDB/standard (= 2.7.5)
  - FMDB/standard (2.7.5)
  - HttpServerDebug (0.2.2):
    - FMDB (~> 2.7)

DEPENDENCIES:
  - HttpServerDebug

SPEC REPOS:
  https://github.com/cocoapods/specs.git:
    - FMDB
    - HttpServerDebug

SPEC CHECKSUMS:
  FMDB: 2ce00b547f966261cd18927a3ddb07cb6f3db82a
  HttpServerDebug: 423c291b21201650253deedad35a36ae3ffaeda9

PODFILE CHECKSUM: ea1685898d75ff95bf3a4ed7715ca105398d66a1

COCOAPODS: 1.5.3
